
Microsoft Visual Studio Solution File, Format Version 12.00
# Visual Studio Version 17
VisualStudioVersion = 17.7.34031.279
MinimumVisualStudioVersion = 10.0.40219.1
Project("{FAE04EC0-301F-11D3-BF4B-00C04F79EFBC}") = "Version_0.3Formulario", "Version_0.3Formulario\Version_0.3Formulario.csproj", "{D5B6BB08-7C72-42A2-976E-30FBD5B062BF}"
EndProject
Global
	GlobalSection(SolutionConfigurationPlatforms) = preSolution
		Debug|Any CPU = Debug|Any CPU
		Release|Any CPU = Release|Any CPU
	EndGlobalSection
	GlobalSection(ProjectConfigurationPlatforms) = postSolution
		{D5B6BB08-7C72-42A2-976E-30FBD5B062BF}.Debug|Any CPU.ActiveCfg = Debug|Any CPU
		{D5B6BB08-7C72-42A2-976E-30FBD5B062BF}.Debug|Any CPU.Build.0 = Debug|Any CPU
		{D5B6BB08-7C72-42A2-976E-30FBD5B062BF}.Release|Any CPU.ActiveCfg = Release|Any CPU
		{D5B6BB08-7C72-42A2-976E-30FBD5B062BF}.Release|Any CPU.Build.0 = Release|Any CPU
	EndGlobalSection
	GlobalSection(SolutionProperties) = preSolution
		HideSolutionNode = FALSE
	EndGlobalSection
	GlobalSection(ExtensibilityGlobals) = postSolution
		SolutionGuid = {AE63B025-E94B-4629-911E-ED651B879767}
	EndGlobalSection
EndGlobal
